{
    "_readme": [
        "This file locks the dependencies of your project to a known state",
        "Read more about it at https://getcomposer.org/doc/01-basic-usage.md#installing-dependencies",
        "This file is @generated automatically"
    ],
    "content-hash": "b1f2326dbcd2afab742a36ec0e412508",
    "packages": [
        {
            "name": "shklyarik/psa-core",
            "version": "dev-main",
            "source": {
                "type": "git",
                "url": "https://github.com/shklyarik/psa-core.git",
                "reference": "c3d81871c348f1269488fdd38c5cdda16b61c9ca"
            },
            "dist": {
                "type": "zip",
                "url": "https://api.github.com/repos/shklyarik/psa-core/zipball/c3d81871c348f1269488fdd38c5cdda16b61c9ca",
                "reference": "c3d81871c348f1269488fdd38c5cdda16b61c9ca",
                "shasum": ""
            },
            "default-branch": true,
            "type": "library",
            "autoload": {
                "psr-4": {
                    "Psa\\Core\\": "src/"
                }
            },
            "license": [
                "MIT"
            ],
            "authors": [
                {
                    "name": "Pavel Shklyarik",
                    "email": "shklyarik.pavel@gmail.com"
                }
            ],
            "description": "Light php framework",
            "support": {
                "source": "https://github.com/shklyarik/psa-core/tree/main",
                "issues": "https://github.com/shklyarik/psa-core/issues"
            },
            "time": "2025-10-29T20:03:29+00:00"
        },
        {
            "name": "shklyarik/psa-migration",
            "version": "dev-main",
            "source": {
                "type": "git",
                "url": "https://github.com/shklyarik/psa-migration.git",
                "reference": "39fca41bf04e05b3d77e8e03df1647f39be6ef77"
            },
            "dist": {
                "type": "zip",
                "url": "https://api.github.com/repos/shklyarik/psa-migration/zipball/39fca41bf04e05b3d77e8e03df1647f39be6ef77",
                "reference": "39fca41bf04e05b3d77e8e03df1647f39be6ef77",
                "shasum": ""
            },
            "default-branch": true,
            "type": "library",
            "autoload": {
                "psr-4": {
                    "Psa\\Migration\\": "src/"
                }
            },
            "license": [
                "MIT"
            ],
            "authors": [
                {
                    "name": "Pavel Shklyarik",
                    "email": "shklyarik.pavel@gmail.com"
                }
            ],
            "support": {
                "source": "https://github.com/shklyarik/psa-migration/tree/main",
                "issues": "https://github.com/shklyarik/psa-migration/issues"
            },
            "time": "2025-11-01T14:29:43+00:00"
        },
        {
            "name": "shklyarik/psa-query-builder",
            "version": "dev-main",
            "source": {
                "type": "git",
                "url": "https://github.com/shklyarik/psa-query-builder.git",
                "reference": "e764fcfd347d3393190511d3a90fe34a0c1cb4af"
            },
            "dist": {
                "type": "zip",
                "url": "https://api.github.com/repos/shklyarik/psa-query-builder/zipball/e764fcfd347d3393190511d3a90fe34a0c1cb4af",
                "reference": "e764fcfd347d3393190511d3a90fe34a0c1cb4af",
                "shasum": ""
            },
            "default-branch": true,
            "type": "library",
            "autoload": {
                "psr-4": {
                    "Psa\\Qb\\": "src/"
                }
            },
            "license": [
                "MIT"
            ],
            "authors": [
                {
                    "name": "Pavel Shklyarik",
                    "email": "shklyarik.pavel@gmail.com"
                }
            ],
            "support": {
                "source": "https://github.com/shklyarik/psa-query-builder/tree/main",
                "issues": "https://github.com/shklyarik/psa-query-builder/issues"
            },
            "time": "2025-11-01T14:37:20+00:00"
        }
    ],
    "packages-dev": [],
    "aliases": [],
    "minimum-stability": "dev",
    "stability-flags": {
        "shklyarik/psa-core": 20,
        "shklyarik/psa-migration": 20,
        "shklyarik/psa-query-builder": 20
    },
    "prefer-stable": false,
    "prefer-lowest": false,
    "platform": {},
    "platform-dev": {},
    "plugin-api-version": "2.6.0"
}
